
Microsoft Visual Studio Solution File, Format Version 12.00
# Visual Studio Version 17
VisualStudioVersion = 17.1.32421.90
MinimumVisualStudioVersion = 10.0.40219.1
Project("{FAE04EC0-301F-11D3-BF4B-00C04F79EFBC}") = "MyCoolClassLibrary", "MyCoolClassLibrary\MyCoolClassLibrary.csproj", "{4054F686-D4D2-4F00-B823-61D1B007A447}"
EndProject
Global
	GlobalSection(SolutionConfigurationPlatforms) = preSolution
		Debug|Any CPU = Debug|Any CPU
		Release|Any CPU = Release|Any CPU
	EndGlobalSection
	GlobalSection(ProjectConfigurationPlatforms) = postSolution
		{4054F686-D4D2-4F00-B823-61D1B007A447}.Debug|Any CPU.ActiveCfg = Debug|Any CPU
		{4054F686-D4D2-4F00-B823-61D1B007A447}.Debug|Any CPU.Build.0 = Debug|Any CPU
		{4054F686-D4D2-4F00-B823-61D1B007A447}.Release|Any CPU.ActiveCfg = Release|Any CPU
		{4054F686-D4D2-4F00-B823-61D1B007A447}.Release|Any CPU.Build.0 = Release|Any CPU
	EndGlobalSection
	GlobalSection(SolutionProperties) = preSolution
		HideSolutionNode = FALSE
	EndGlobalSection
	GlobalSection(ExtensibilityGlobals) = postSolution
		SolutionGuid = {9FE823E1-CA15-4D17-8031-2EA4222053B1}
	EndGlobalSection
EndGlobal
